// !$*UTF8*$!
{
	archiveVersion = 1;
	classes = {
	};
	objectVersion = 56;
	objects = {

/* Begin PBXBuildFile section */
		9F91C4FB2B027D5000E91FDC /* jogpm.swift in Sources */ = {isa = PBXBuildFile; fileRef = 9F91C4FA2B027D5000E91FDC /* jogpm.swift */; };
		9FC15BF02B0093500045608E /* jogpmApp.swift in Sources */ = {isa = PBXBuildFile; fileRef = 9FC15BEF2B0093500045608E /* jogpmApp.swift */; };
		9FC15BF22B0093500045608E /* menuPage.swift in Sources */ = {isa = PBXBuildFile; fileRef = 9FC15BF12B0093500045608E /* menuPage.swift */; };
		9FC15BF42B0093580045608E /* Assets.xcassets in Resources */ = {isa = PBXBuildFile; fileRef = 9FC15BF32B0093580045608E /* Assets.xcassets */; };
		9FC15BF72B0093580045608E /* Preview Assets.xcassets in Resources */ = {isa = PBXBuildFile; fileRef = 9FC15BF62B0093580045608E /* Preview Assets.xcassets */; };
		9FC15C1B2B00A1590045608E /* ApplicationMenu.swift in Sources */ = {isa = PBXBuildFile; fileRef = 9FC15C1A2B00A1590045608E /* ApplicationMenu.swift */; };
/* End PBXBuildFile section */

/* Begin PBXContainerItemProxy section */
		9FC15BFE2B0093590045608E /* PBXContainerItemProxy */ = {
			isa = PBXContainerItemProxy;
			containerPortal = 9FC15BE42B0093500045608E /* Project object */;
			proxyType = 1;
			remoteGlobalIDString = 9FC15BEB2B0093500045608E;
			remoteInfo = jogpm;
		};
		9FC15C082B0093590045608E /* PBXContainerItemProxy */ = {
			isa = PBXContainerItemProxy;
			containerPortal = 9FC15BE42B0093500045608E /* Project object */;
			proxyType = 1;
			remoteGlobalIDString = 9FC15BEB2B0093500045608E;
			remoteInfo = jogpm;
		};
/* End PBXContainerItemProxy section */

/* Begin PBXFileReference section */
		9F91C4FA2B027D5000E91FDC /* jogpm.swift */ = {isa = PBXFileReference; lastKnownFileType = sourcecode.swift; path = jogpm.swift; sourceTree = "<group>"; };
		9FC15BEC2B0093500045608E /* jogpm.app */ = {isa = PBXFileReference; explicitFileType = wrapper.application; includeInIndex = 0; path = jogpm.app; sourceTree = BUILT_PRODUCTS_DIR; };
		9FC15BEF2B0093500045608E /* jogpmApp.swift */ = {isa = PBXFileReference; lastKnownFileType = sourcecode.swift; path = jogpmApp.swift; sourceTree = "<group>"; };
		9FC15BF12B0093500045608E /* menuPage.swift */ = {isa = PBXFileReference; lastKnownFileType = sourcecode.swift; path = menuPage.swift; sourceTree = "<group>"; };
		9FC15BF32B0093580045608E /* Assets.xcassets */ = {isa = PBXFileReference; lastKnownFileType = folder.assetcatalog; path = Assets.xcassets; sourceTree = "<group>"; };
		9FC15BF62B0093580045608E /* Preview Assets.xcassets */ = {isa = PBXFileReference; lastKnownFileType = folder.assetcatalog; path = "Preview Assets.xcassets"; sourceTree = "<group>"; };
		9FC15BF82B0093580045608E /* jogpm.entitlements */ = {isa = PBXFileReference; lastKnownFileType = text.plist.entitlements; path = jogpm.entitlements; sourceTree = "<group>"; };
		9FC15BFD2B0093590045608E /* jogpmTests.xctest */ = {isa = PBXFileReference; explicitFileType = wrapper.cfbundle; includeInIndex = 0; path = jogpmTests.xctest; sourceTree = BUILT_PRODUCTS_DIR; };
		9FC15C072B0093590045608E /* jogpmUITests.xctest */ = {isa = PBXFileReference; explicitFileType = wrapper.cfbundle; includeInIndex = 0; path = jogpmUITests.xctest; sourceTree = BUILT_PRODUCTS_DIR; };
		9FC15C1A2B00A1590045608E /* ApplicationMenu.swift */ = {isa = PBXFileReference; lastKnownFileType = sourcecode.swift; path = ApplicationMenu.swift; sourceTree = "<group>"; };
		9FC15C1C2B00A6040045608E /* Info.plist */ = {isa = PBXFileReference; lastKnownFileType = text.plist; path = Info.plist; sourceTree = "<group>"; };
/* End PBXFileReference section */

/* Begin PBXFrameworksBuildPhase section */
		9FC15BE92B0093500045608E /* Frameworks */ = {
			isa = PBXFrameworksBuildPhase;
			buildActionMask = 2147483647;
			files = (
			);
			runOnlyForDeploymentPostprocessing = 0;
		};
		9FC15BFA2B0093590045608E /* Frameworks */ = {
			isa = PBXFrameworksBuildPhase;
			buildActionMask = 2147483647;
			files = (
			);
			runOnlyForDeploymentPostprocessing = 0;
		};
		9FC15C042B0093590045608E /* Frameworks */ = {
			isa = PBXFrameworksBuildPhase;
			buildActionMask = 2147483647;
			files = (
			);
			runOnlyForDeploymentPostprocessing = 0;
		};
/* End PBXFrameworksBuildPhase section */

/* Begin PBXGroup section */
		9FC15BE32B0093500045608E = {
			isa = PBXGroup;
			children = (
				9FC15BEE2B0093500045608E /* jogpm */,
				9FC15BED2B0093500045608E /* Products */,
			);
			sourceTree = "<group>";
		};
		9FC15BED2B0093500045608E /* Products */ = {
			isa = PBXGroup;
			children = (
				9FC15BEC2B0093500045608E /* jogpm.app */,
				9FC15BFD2B0093590045608E /* jogpmTests.xctest */,
				9FC15C072B0093590045608E /* jogpmUITests.xctest */,
			);
			name = Products;
			sourceTree = "<group>";
		};
		9FC15BEE2B0093500045608E /* jogpm */ = {
			isa = PBXGroup;
			children = (
				9FC15C1C2B00A6040045608E /* Info.plist */,
				9FC15BEF2B0093500045608E /* jogpmApp.swift */,
				9FC15BF12B0093500045608E /* menuPage.swift */,
				9F91C4FA2B027D5000E91FDC /* jogpm.swift */,
				9FC15C1A2B00A1590045608E /* ApplicationMenu.swift */,
				9FC15BF32B0093580045608E /* Assets.xcassets */,
				9FC15BF82B0093580045608E /* jogpm.entitlements */,
				9FC15BF52B0093580045608E /* Preview Content */,
			);
			path = jogpm;
			sourceTree = "<group>";
		};
		9FC15BF52B0093580045608E /* Preview Content */ = {
			isa = PBXGroup;
			children = (
				9FC15BF62B0093580045608E /* Preview Assets.xcassets */,
			);
			path = "Preview Content";
			sourceTree = "<group>";
		};
/* End PBXGroup section */

/* Begin PBXNativeTarget section */
		9FC15BEB2B0093500045608E /* jogpm */ = {
			isa = PBXNativeTarget;
			buildConfigurationList = 9FC15C112B0093590045608E /* Build configuration list for PBXNativeTarget "jogpm" */;
			buildPhases = (
				9FC15BE82B0093500045608E /* Sources */,
				9FC15BE92B0093500045608E /* Frameworks */,
				9FC15BEA2B0093500045608E /* Resources */,
			);
			buildRules = (
			);
			dependencies = (
			);
			name = jogpm;
			productName = jogpm;
			productReference = 9FC15BEC2B0093500045608E /* jogpm.app */;
			productType = "com.apple.product-type.application";
		};
		9FC15BFC2B0093590045608E /* jogpmTests */ = {
			isa = PBXNativeTarget;
			buildConfigurationList = 9FC15C142B0093590045608E /* Build configuration list for PBXNativeTarget "jogpmTests" */;
			buildPhases = (
				9FC15BF92B0093590045608E /* Sources */,
				9FC15BFA2B0093590045608E /* Frameworks */,
				9FC15BFB2B0093590045608E /* Resources */,
			);
			buildRules = (
			);
			dependencies = (
				9FC15BFF2B0093590045608E /* PBXTargetDependency */,
			);
			name = jogpmTests;
			productName = jogpmTests;
			productReference = 9FC15BFD2B0093590045608E /* jogpmTests.xctest */;
			productType = "com.apple.product-type.bundle.unit-test";
		};
		9FC15C062B0093590045608E /* jogpmUITests */ = {
			isa = PBXNativeTarget;
			buildConfigurationList = 9FC15C172B0093590045608E /* Build configuration list for PBXNativeTarget "jogpmUITests" */;
			buildPhases = (
				9FC15C032B0093590045608E /* Sources */,
				9FC15C042B0093590045608E /* Frameworks */,
				9FC15C052B0093590045608E /* Resources */,
			);
			buildRules = (
			);
			dependencies = (
				9FC15C092B0093590045608E /* PBXTargetDependency */,
			);
			name = jogpmUITests;
			productName = jogpmUITests;
			productReference = 9FC15C072B0093590045608E /* jogpmUITests.xctest */;
			productType = "com.apple.product-type.bundle.ui-testing";
		};
/* End PBXNativeTarget section */

/* Begin PBXProject section */
		9FC15BE42B0093500045608E /* Project object */ = {
			isa = PBXProject;
			attributes = {
				BuildIndependentTargetsInParallel = 1;
				LastSwiftUpdateCheck = 1500;
				LastUpgradeCheck = 1500;
				TargetAttributes = {
					9FC15BEB2B0093500045608E = {
						CreatedOnToolsVersion = 15.0.1;
					};
					9FC15BFC2B0093590045608E = {
						CreatedOnToolsVersion = 15.0.1;
						TestTargetID = 9FC15BEB2B0093500045608E;
					};
					9FC15C062B0093590045608E = {
						CreatedOnToolsVersion = 15.0.1;
						TestTargetID = 9FC15BEB2B0093500045608E;
					};
				};
			};
			buildConfigurationList = 9FC15BE72B0093500045608E /* Build configuration list for PBXProject "jogpm" */;
			compatibilityVersion = "Xcode 14.0";
			developmentRegion = en;
			hasScannedForEncodings = 0;
			knownRegions = (
				en,
				Base,
			);
			mainGroup = 9FC15BE32B0093500045608E;
			productRefGroup = 9FC15BED2B0093500045608E /* Products */;
			projectDirPath = "";
			projectRoot = "";
			targets = (
				9FC15BEB2B0093500045608E /* jogpm */,
				9FC15BFC2B0093590045608E /* jogpmTests */,
				9FC15C062B0093590045608E /* jogpmUITests */,
			);
		};
/* End PBXProject section */

/* Begin PBXResourcesBuildPhase section */
		9FC15BEA2B0093500045608E /* Resources */ = {
			isa = PBXResourcesBuildPhase;
			buildActionMask = 2147483647;
			files = (
				9FC15BF72B0093580045608E /* Preview Assets.xcassets in Resources */,
				9FC15BF42B0093580045608E /* Assets.xcassets in Resources */,
			);
			runOnlyForDeploymentPostprocessing = 0;
		};
		9FC15BFB2B0093590045608E /* Resources */ = {
			isa = PBXResourcesBuildPhase;
			buildActionMask = 2147483647;
			files = (
			);
			runOnlyForDeploymentPostprocessing = 0;
		};
		9FC15C052B0093590045608E /* Resources */ = {
			isa = PBXResourcesBuildPhase;
			buildActionMask = 2147483647;
			files = (
			);
			runOnlyForDeploymentPostprocessing = 0;
		};
/* End PBXResourcesBuildPhase section */

/* Begin PBXSourcesBuildPhase section */
		9FC15BE82B0093500045608E /* Sources */ = {
			isa = PBXSourcesBuildPhase;
			buildActionMask = 2147483647;
			files = (
				9FC15BF22B0093500045608E /* menuPage.swift in Sources */,
				9FC15C1B2B00A1590045608E /* ApplicationMenu.swift in Sources */,
				9FC15BF02B0093500045608E /* jogpmApp.swift in Sources */,
				9F91C4FB2B027D5000E91FDC /* jogpm.swift in Sources */,
			);
			runOnlyForDeploymentPostprocessing = 0;
		};
		9FC15BF92B0093590045608E /* Sources */ = {
			isa = PBXSourcesBuildPhase;
			buildActionMask = 2147483647;
			files = (
			);
			runOnlyForDeploymentPostprocessing = 0;
		};
		9FC15C032B0093590045608E /* Sources */ = {
			isa = PBXSourcesBuildPhase;
			buildActionMask = 2147483647;
			files = (
			);
			runOnlyForDeploymentPostprocessing = 0;
		};
/* End PBXSourcesBuildPhase section */

/* Begin PBXTargetDependency section */
		9FC15BFF2B0093590045608E /* PBXTargetDependency */ = {
			isa = PBXTargetDependency;
			target = 9FC15BEB2B0093500045608E /* jogpm */;
			targetProxy = 9FC15BFE2B0093590045608E /* PBXContainerItemProxy */;
		};
		9FC15C092B0093590045608E /* PBXTargetDependency */ = {
			isa = PBXTargetDependency;
			target = 9FC15BEB2B0093500045608E /* jogpm */;
			targetProxy = 9FC15C082B0093590045608E /* PBXContainerItemProxy */;
		};
/* End PBXTargetDependency section */

/* Begin XCBuildConfiguration section */
		9FC15C0F2B0093590045608E /* Debug */ = {
			isa = XCBuildConfiguration;
			buildSettings = {
				ALWAYS_SEARCH_USER_PATHS = NO;
				ASSETCATALOG_COMPILER_GENERATE_SWIFT_ASSET_SYMBOL_EXTENSIONS = YES;
				CLANG_ANALYZER_NONNULL = YES;
				CLANG_ANALYZER_NUMBER_OBJECT_CONVERSION = YES_AGGRESSIVE;
				CLANG_CXX_LANGUAGE_STANDARD = "gnu++20";
				CLANG_ENABLE_MODULES = YES;
				CLANG_ENABLE_OBJC_ARC = YES;
				CLANG_ENABLE_OBJC_WEAK = YES;
				CLANG_WARN_BLOCK_CAPTURE_AUTORELEASING = YES;
				CLANG_WARN_BOOL_CONVERSION = YES;
				CLANG_WARN_COMMA = YES;
				CLANG_WARN_CONSTANT_CONVERSION = YES;
				CLANG_WARN_DEPRECATED_OBJC_IMPLEMENTATIONS = YES;
				CLANG_WARN_DIRECT_OBJC_ISA_USAGE = YES_ERROR;
				CLANG_WARN_DOCUMENTATION_COMMENTS = YES;
				CLANG_WARN_EMPTY_BODY = YES;
				CLANG_WARN_ENUM_CONVERSION = YES;
				CLANG_WARN_INFINITE_RECURSION = YES;
				CLANG_WARN_INT_CONVERSION = YES;
				CLANG_WARN_NON_LITERAL_NULL_CONVERSION = YES;
				CLANG_WARN_OBJC_IMPLICIT_RETAIN_SELF = YES;
				CLANG_WARN_OBJC_LITERAL_CONVERSION = YES;
				CLANG_WARN_OBJC_ROOT_CLASS = YES_ERROR;
				CLANG_WARN_QUOTED_INCLUDE_IN_FRAMEWORK_HEADER = YES;
				CLANG_WARN_RANGE_LOOP_ANALYSIS = YES;
				CLANG_WARN_STRICT_PROTOTYPES = YES;
				CLANG_WARN_SUSPICIOUS_MOVE = YES;
				CLANG_WARN_UNGUARDED_AVAILABILITY = YES_AGGRESSIVE;
				CLANG_WARN_UNREACHABLE_CODE = YES;
				CLANG_WARN__DUPLICATE_METHOD_MATCH = YES;
				COPY_PHASE_STRIP = NO;
				DEBUG_INFORMATION_FORMAT = dwarf;
				ENABLE_STRICT_OBJC_MSGSEND = YES;
				ENABLE_TESTABILITY = YES;
				ENABLE_USER_SCRIPT_SANDBOXING = YES;
				GCC_C_LANGUAGE_STANDARD = gnu17;
				GCC_DYNAMIC_NO_PIC = NO;
				GCC_NO_COMMON_BLOCKS = YES;
				GCC_OPTIMIZATION_LEVEL = 0;
				GCC_PREPROCESSOR_DEFINITIONS = (
					"DEBUG=1",
					"$(inherited)",
				);
				GCC_WARN_64_TO_32_BIT_CONVERSION = YES;
				GCC_WARN_ABOUT_RETURN_TYPE = YES_ERROR;
				GCC_WARN_UNDECLARED_SELECTOR = YES;
				GCC_WARN_UNINITIALIZED_AUTOS = YES_AGGRESSIVE;
				GCC_WARN_UNUSED_FUNCTION = YES;
				GCC_WARN_UNUSED_VARIABLE = YES;
				LOCALIZATION_PREFERS_STRING_CATALOGS = YES;
				MACOSX_DEPLOYMENT_TARGET = 14.0;
				MTL_ENABLE_DEBUG_INFO = INCLUDE_SOURCE;
				MTL_FAST_MATH = YES;
				ONLY_ACTIVE_ARCH = YES;
				SDKROOT = macosx;
				SWIFT_ACTIVE_COMPILATION_CONDITIONS = "DEBUG $(inherited)";
				SWIFT_OPTIMIZATION_LEVEL = "-Onone";
			};
			name = Debug;
		};
		9FC15C102B0093590045608E /* Release */ = {
			isa = XCBuildConfiguration;
			buildSettings = {
				ALWAYS_SEARCH_USER_PATHS = NO;
				ASSETCATALOG_COMPILER_GENERATE_SWIFT_ASSET_SYMBOL_EXTENSIONS = YES;
				CLANG_ANALYZER_NONNULL = YES;
				CLANG_ANALYZER_NUMBER_OBJECT_CONVERSION = YES_AGGRESSIVE;
				CLANG_CXX_LANGUAGE_STANDARD = "gnu++20";
				CLANG_ENABLE_MODULES = YES;
				CLANG_ENABLE_OBJC_ARC = YES;
				CLANG_ENABLE_OBJC_WEAK = YES;
				CLANG_WARN_BLOCK_CAPTURE_AUTORELEASING = YES;
				CLANG_WARN_BOOL_CONVERSION = YES;
				CLANG_WARN_COMMA = YES;
				CLANG_WARN_CONSTANT_CONVERSION = YES;
				CLANG_WARN_DEPRECATED_OBJC_IMPLEMENTATIONS = YES;
				CLANG_WARN_DIRECT_OBJC_ISA_USAGE = YES_ERROR;
				CLANG_WARN_DOCUMENTATION_COMMENTS = YES;
				CLANG_WARN_EMPTY_BODY = YES;
				CLANG_WARN_ENUM_CONVERSION = YES;
				CLANG_WARN_INFINITE_RECURSION = YES;
				CLANG_WARN_INT_CONVERSION = YES;
				CLANG_WARN_NON_LITERAL_NULL_CONVERSION = YES;
				CLANG_WARN_OBJC_IMPLICIT_RETAIN_SELF = YES;
				CLANG_WARN_OBJC_LITERAL_CONVERSION = YES;
				CLANG_WARN_OBJC_ROOT_CLASS = YES_ERROR;
				CLANG_WARN_QUOTED_INCLUDE_IN_FRAMEWORK_HEADER = YES;
				CLANG_WARN_RANGE_LOOP_ANALYSIS = YES;
				CLANG_WARN_STRICT_PROTOTYPES = YES;
				CLANG_WARN_SUSPICIOUS_MOVE = YES;
				CLANG_WARN_UNGUARDED_AVAILABILITY = YES_AGGRESSIVE;
				CLANG_WARN_UNREACHABLE_CODE = YES;
				CLANG_WARN__DUPLICATE_METHOD_MATCH = YES;
				COPY_PHASE_STRIP = NO;
				DEBUG_INFORMATION_FORMAT = "dwarf-with-dsym";
				ENABLE_NS_ASSERTIONS = NO;
				ENABLE_STRICT_OBJC_MSGSEND = YES;
				ENABLE_USER_SCRIPT_SANDBOXING = YES;
				GCC_C_LANGUAGE_STANDARD = gnu17;
				GCC_NO_COMMON_BLOCKS = YES;
				GCC_WARN_64_TO_32_BIT_CONVERSION = YES;
				GCC_WARN_ABOUT_RETURN_TYPE = YES_ERROR;
				GCC_WARN_UNDECLARED_SELECTOR = YES;
				GCC_WARN_UNINITIALIZED_AUTOS = YES_AGGRESSIVE;
				GCC_WARN_UNUSED_FUNCTION = YES;
				GCC_WARN_UNUSED_VARIABLE = YES;
				LOCALIZATION_PREFERS_STRING_CATALOGS = YES;
				MACOSX_DEPLOYMENT_TARGET = 14.0;
				MTL_ENABLE_DEBUG_INFO = NO;
				MTL_FAST_MATH = YES;
				SDKROOT = macosx;
				SWIFT_COMPILATION_MODE = wholemodule;
			};
			name = Release;
		};
		9FC15C122B0093590045608E /* Debug */ = {
			isa = XCBuildConfiguration;
			buildSettings = {
				ASSETCATALOG_COMPILER_APPICON_NAME = AppIcon;
				ASSETCATALOG_COMPILER_GLOBAL_ACCENT_COLOR_NAME = AccentColor;
				CODE_SIGN_ENTITLEMENTS = jogpm/jogpm.entitlements;
				CODE_SIGN_IDENTITY = "Mac Developer";
				"CODE_SIGN_IDENTITY[sdk=macosx*]" = "Mac Developer";
				CODE_SIGN_STYLE = Automatic;
				COMBINE_HIDPI_IMAGES = YES;
				CURRENT_PROJECT_VERSION = 1;
				DEVELOPMENT_ASSET_PATHS = "\"jogpm/Preview Content\"";
				DEVELOPMENT_TEAM = 36W2R973V5;
				ENABLE_HARDENED_RUNTIME = YES;
				ENABLE_PREVIEWS = YES;
				GENERATE_INFOPLIST_FILE = YES;
				INFOPLIST_FILE = jogpm/Info.plist;
				INFOPLIST_KEY_CFBundleDisplayName = jogpm;
				INFOPLIST_KEY_LSApplicationCategoryType = "public.app-category.utilities";
				INFOPLIST_KEY_LSUIElement = YES;
				INFOPLIST_KEY_NSHumanReadableCopyright = "";
				LD_RUNPATH_SEARCH_PATHS = (
					"$(inherited)",
					"@executable_path/../Frameworks",
				);
				MARKETING_VERSION = 1.0;
				PRODUCT_BUNDLE_IDENTIFIER = mrdog233o5.jogpm;
				PRODUCT_NAME = "$(TARGET_NAME)";
				SWIFT_EMIT_LOC_STRINGS = YES;
				SWIFT_VERSION = 5.0;
			};
			name = Debug;
		};
		9FC15C132B0093590045608E /* Release */ = {
			isa = XCBuildConfiguration;
			buildSettings = {
				ASSETCATALOG_COMPILER_APPICON_NAME = AppIcon;
				ASSETCATALOG_COMPILER_GLOBAL_ACCENT_COLOR_NAME = AccentColor;
				CODE_SIGN_ENTITLEMENTS = jogpm/jogpm.entitlements;
				CODE_SIGN_IDENTITY = "Mac Developer";
				"CODE_SIGN_IDENTITY[sdk=macosx*]" = "Mac Developer";
				CODE_SIGN_STYLE = Automatic;
				COMBINE_HIDPI_IMAGES = YES;
				CURRENT_PROJECT_VERSION = 1;
				DEVELOPMENT_ASSET_PATHS = "\"jogpm/Preview Content\"";
				DEVELOPMENT_TEAM = 36W2R973V5;
				ENABLE_HARDENED_RUNTIME = YES;
				ENABLE_PREVIEWS = YES;
				GENERATE_INFOPLIST_FILE = YES;
				INFOPLIST_FILE = jogpm/Info.plist;
				INFOPLIST_KEY_CFBundleDisplayName = jogpm;
				INFOPLIST_KEY_LSApplicationCategoryType = "public.app-category.utilities";
				INFOPLIST_KEY_LSUIElement = YES;
				INFOPLIST_KEY_NSHumanReadableCopyright = "";
				LD_RUNPATH_SEARCH_PATHS = (
					"$(inherited)",
					"@executable_path/../Frameworks",
				);
				MARKETING_VERSION = 1.0;
				PRODUCT_BUNDLE_IDENTIFIER = mrdog233o5.jogpm;
				PRODUCT_NAME = "$(TARGET_NAME)";
				SWIFT_EMIT_LOC_STRINGS = YES;
				SWIFT_VERSION = 5.0;
			};
			name = Release;
		};
		9FC15C152B0093590045608E /* Debug */ = {
			isa = XCBuildConfiguration;
			buildSettings = {
				ALWAYS_EMBED_SWIFT_STANDARD_LIBRARIES = YES;
				BUNDLE_LOADER = "$(TEST_HOST)";
				CODE_SIGN_STYLE = Automatic;
				CURRENT_PROJECT_VERSION = 1;
				DEVELOPMENT_TEAM = 36W2R973V5;
				GENERATE_INFOPLIST_FILE = YES;
				MACOSX_DEPLOYMENT_TARGET = 14.0;
				MARKETING_VERSION = 1.0;
				PRODUCT_BUNDLE_IDENTIFIER = mrdog233o5.jogpmTests;
				PRODUCT_NAME = "$(TARGET_NAME)";
				SWIFT_EMIT_LOC_STRINGS = NO;
				SWIFT_VERSION = 5.0;
				TEST_HOST = "$(BUILT_PRODUCTS_DIR)/jogpm.app/$(BUNDLE_EXECUTABLE_FOLDER_PATH)/jogpm";
			};
			name = Debug;
		};
		9FC15C162B0093590045608E /* Release */ = {
			isa = XCBuildConfiguration;
			buildSettings = {
				ALWAYS_EMBED_SWIFT_STANDARD_LIBRARIES = YES;
				BUNDLE_LOADER = "$(TEST_HOST)";
				CODE_SIGN_STYLE = Automatic;
				CURRENT_PROJECT_VERSION = 1;
				DEVELOPMENT_TEAM = 36W2R973V5;
				GENERATE_INFOPLIST_FILE = YES;
				MACOSX_DEPLOYMENT_TARGET = 14.0;
				MARKETING_VERSION = 1.0;
				PRODUCT_BUNDLE_IDENTIFIER = mrdog233o5.jogpmTests;
				PRODUCT_NAME = "$(TARGET_NAME)";
				SWIFT_EMIT_LOC_STRINGS = NO;
				SWIFT_VERSION = 5.0;
				TEST_HOST = "$(BUILT_PRODUCTS_DIR)/jogpm.app/$(BUNDLE_EXECUTABLE_FOLDER_PATH)/jogpm";
			};
			name = Release;
		};
		9FC15C182B0093590045608E /* Debug */ = {
			isa = XCBuildConfiguration;
			buildSettings = {
				ALWAYS_EMBED_SWIFT_STANDARD_LIBRARIES = YES;
				CODE_SIGN_STYLE = Automatic;
				CURRENT_PROJECT_VERSION = 1;
				DEVELOPMENT_TEAM = 36W2R973V5;
				GENERATE_INFOPLIST_FILE = YES;
				MARKETING_VERSION = 1.0;
				PRODUCT_BUNDLE_IDENTIFIER = mrdog233o5.jogpmUITests;
				PRODUCT_NAME = "$(TARGET_NAME)";
				SWIFT_EMIT_LOC_STRINGS = NO;
				SWIFT_VERSION = 5.0;
				TEST_TARGET_NAME = jogpm;
			};
			name = Debug;
		};
		9FC15C192B0093590045608E /* Release */ = {
			isa = XCBuildConfiguration;
			buildSettings = {
				ALWAYS_EMBED_SWIFT_STANDARD_LIBRARIES = YES;
				CODE_SIGN_STYLE = Automatic;
				CURRENT_PROJECT_VERSION = 1;
				DEVELOPMENT_TEAM = 36W2R973V5;
				GENERATE_INFOPLIST_FILE = YES;
				MARKETING_VERSION = 1.0;
				PRODUCT_BUNDLE_IDENTIFIER = mrdog233o5.jogpmUITests;
				PRODUCT_NAME = "$(TARGET_NAME)";
				SWIFT_EMIT_LOC_STRINGS = NO;
				SWIFT_VERSION = 5.0;
				TEST_TARGET_NAME = jogpm;
			};
			name = Release;
		};
/* End XCBuildConfiguration section */

/* Begin XCConfigurationList section */
		9FC15BE72B0093500045608E /* Build configuration list for PBXProject "jogpm" */ = {
			isa = XCConfigurationList;
			buildConfigurations = (
				9FC15C0F2B0093590045608E /* Debug */,
				9FC15C102B0093590045608E /* Release */,
			);
			defaultConfigurationIsVisible = 0;
			defaultConfigurationName = Release;
		};
		9FC15C112B0093590045608E /* Build configuration list for PBXNativeTarget "jogpm" */ = {
			isa = XCConfigurationList;
			buildConfigurations = (
				9FC15C122B0093590045608E /* Debug */,
				9FC15C132B0093590045608E /* Release */,
			);
			defaultConfigurationIsVisible = 0;
			defaultConfigurationName = Release;
		};
		9FC15C142B0093590045608E /* Build configuration list for PBXNativeTarget "jogpmTests" */ = {
			isa = XCConfigurationList;
			buildConfigurations = (
				9FC15C152B0093590045608E /* Debug */,
				9FC15C162B0093590045608E /* Release */,
			);
			defaultConfigurationIsVisible = 0;
			defaultConfigurationName = Release;
		};
		9FC15C172B0093590045608E /* Build configuration list for PBXNativeTarget "jogpmUITests" */ = {
			isa = XCConfigurationList;
			buildConfigurations = (
				9FC15C182B0093590045608E /* Debug */,
				9FC15C192B0093590045608E /* Release */,
			);
			defaultConfigurationIsVisible = 0;
			defaultConfigurationName = Release;
		};
/* End XCConfigurationList section */
	};
	rootObject = 9FC15BE42B0093500045608E /* Project object */;
}
